// !$*UTF8*$!
{
	archiveVersion = 1;
	classes = {
	};
	objectVersion = 56;
	objects = {

/* Begin PBXBuildFile section */
		35165F3F2C5C0E1E00431E01 /* PersonalExpenseTrackerApp.swift in Sources */ = {isa = PBXBuildFile; fileRef = 35165F3E2C5C0E1E00431E01 /* PersonalExpenseTrackerApp.swift */; };
		35165F462C5C0E1E00431E01 /* ContentView.swift in Sources */ = {isa = PBXBuildFile; fileRef = 35165F452C5C0E1E00431E01 /* ContentView.swift */; };
		35165F482C5C0E2000431E01 /* Assets.xcassets in Resources */ = {isa = PBXBuildFile; fileRef = 35165F472C5C0E2000431E01 /* Assets.xcassets */; };
		35165F4C2C5C0E2000431E01 /* Preview Assets.xcassets in Resources */ = {isa = PBXBuildFile; fileRef = 35165F4B2C5C0E2000431E01 /* Preview Assets.xcassets */; };
		35165F562C5C0E2000431E01 /* PersonalExpenseTrackerTests.swift in Sources */ = {isa = PBXBuildFile; fileRef = 35165F552C5C0E2000431E01 /* PersonalExpenseTrackerTests.swift */; };
		35165F602C5C0E2000431E01 /* PersonalExpenseTrackerUITests.swift in Sources */ = {isa = PBXBuildFile; fileRef = 35165F5F2C5C0E2000431E01 /* PersonalExpenseTrackerUITests.swift */; };
		35165F622C5C0E2000431E01 /* PersonalExpenseTrackerUITestsLaunchTests.swift in Sources */ = {isa = PBXBuildFile; fileRef = 35165F612C5C0E2000431E01 /* PersonalExpenseTrackerUITestsLaunchTests.swift */; };
		35165F722C5D294F00431E01 /* PersonalExpenseTrackerModel.xcdatamodeld in Sources */ = {isa = PBXBuildFile; fileRef = 35165F702C5D294E00431E01 /* PersonalExpenseTrackerModel.xcdatamodeld */; };
		35165F742C5D2F9E00431E01 /* Persistence.swift in Sources */ = {isa = PBXBuildFile; fileRef = 35165F732C5D2F9E00431E01 /* Persistence.swift */; };
		355A1D2F2C89F7C500103F38 /* PastMonthsView.swift in Sources */ = {isa = PBXBuildFile; fileRef = 355A1D2E2C89F7C500103F38 /* PastMonthsView.swift */; };
/* End PBXBuildFile section */

/* Begin PBXContainerItemProxy section */
		35165F522C5C0E2000431E01 /* PBXContainerItemProxy */ = {
			isa = PBXContainerItemProxy;
			containerPortal = 35165F332C5C0E1E00431E01 /* Project object */;
			proxyType = 1;
			remoteGlobalIDString = 35165F3A2C5C0E1E00431E01;
			remoteInfo = PersonalExpenseTracker;
		};
		35165F5C2C5C0E2000431E01 /* PBXContainerItemProxy */ = {
			isa = PBXContainerItemProxy;
			containerPortal = 35165F332C5C0E1E00431E01 /* Project object */;
			proxyType = 1;
			remoteGlobalIDString = 35165F3A2C5C0E1E00431E01;
			remoteInfo = PersonalExpenseTracker;
		};
/* End PBXContainerItemProxy section */

/* Begin PBXFileReference section */
		35165F3B2C5C0E1E00431E01 /* PersonalExpenseTracker.app */ = {isa = PBXFileReference; explicitFileType = wrapper.application; includeInIndex = 0; path = PersonalExpenseTracker.app; sourceTree = BUILT_PRODUCTS_DIR; };
		35165F3E2C5C0E1E00431E01 /* PersonalExpenseTrackerApp.swift */ = {isa = PBXFileReference; lastKnownFileType = sourcecode.swift; path = PersonalExpenseTrackerApp.swift; sourceTree = "<group>"; };
		35165F452C5C0E1E00431E01 /* ContentView.swift */ = {isa = PBXFileReference; lastKnownFileType = sourcecode.swift; path = ContentView.swift; sourceTree = "<group>"; };
		35165F472C5C0E2000431E01 /* Assets.xcassets */ = {isa = PBXFileReference; lastKnownFileType = folder.assetcatalog; path = Assets.xcassets; sourceTree = "<group>"; };
		35165F492C5C0E2000431E01 /* PersonalExpenseTracker.entitlements */ = {isa = PBXFileReference; lastKnownFileType = text.plist.entitlements; path = PersonalExpenseTracker.entitlements; sourceTree = "<group>"; };
		35165F4B2C5C0E2000431E01 /* Preview Assets.xcassets */ = {isa = PBXFileReference; lastKnownFileType = folder.assetcatalog; path = "Preview Assets.xcassets"; sourceTree = "<group>"; };
		35165F512C5C0E2000431E01 /* PersonalExpenseTrackerTests.xctest */ = {isa = PBXFileReference; explicitFileType = wrapper.cfbundle; includeInIndex = 0; path = PersonalExpenseTrackerTests.xctest; sourceTree = BUILT_PRODUCTS_DIR; };
		35165F552C5C0E2000431E01 /* PersonalExpenseTrackerTests.swift */ = {isa = PBXFileReference; lastKnownFileType = sourcecode.swift; path = PersonalExpenseTrackerTests.swift; sourceTree = "<group>"; };
		35165F5B2C5C0E2000431E01 /* PersonalExpenseTrackerUITests.xctest */ = {isa = PBXFileReference; explicitFileType = wrapper.cfbundle; includeInIndex = 0; path = PersonalExpenseTrackerUITests.xctest; sourceTree = BUILT_PRODUCTS_DIR; };
		35165F5F2C5C0E2000431E01 /* PersonalExpenseTrackerUITests.swift */ = {isa = PBXFileReference; lastKnownFileType = sourcecode.swift; path = PersonalExpenseTrackerUITests.swift; sourceTree = "<group>"; };
		35165F612C5C0E2000431E01 /* PersonalExpenseTrackerUITestsLaunchTests.swift */ = {isa = PBXFileReference; lastKnownFileType = sourcecode.swift; path = PersonalExpenseTrackerUITestsLaunchTests.swift; sourceTree = "<group>"; };
		35165F712C5D294F00431E01 /* PersonalExpenseTrackerModel.xcdatamodel */ = {isa = PBXFileReference; lastKnownFileType = wrapper.xcdatamodel; path = PersonalExpenseTrackerModel.xcdatamodel; sourceTree = "<group>"; };
		35165F732C5D2F9E00431E01 /* Persistence.swift */ = {isa = PBXFileReference; lastKnownFileType = sourcecode.swift; path = Persistence.swift; sourceTree = "<group>"; };
		355A1D2E2C89F7C500103F38 /* PastMonthsView.swift */ = {isa = PBXFileReference; lastKnownFileType = sourcecode.swift; path = PastMonthsView.swift; sourceTree = "<group>"; };
/* End PBXFileReference section */

/* Begin PBXFrameworksBuildPhase section */
		35165F382C5C0E1E00431E01 /* Frameworks */ = {
			isa = PBXFrameworksBuildPhase;
			buildActionMask = 2147483647;
			files = (
			);
			runOnlyForDeploymentPostprocessing = 0;
		};
		35165F4E2C5C0E2000431E01 /* Frameworks */ = {
			isa = PBXFrameworksBuildPhase;
			buildActionMask = 2147483647;
			files = (
			);
			runOnlyForDeploymentPostprocessing = 0;
		};
		35165F582C5C0E2000431E01 /* Frameworks */ = {
			isa = PBXFrameworksBuildPhase;
			buildActionMask = 2147483647;
			files = (
			);
			runOnlyForDeploymentPostprocessing = 0;
		};
/* End PBXFrameworksBuildPhase section */

/* Begin PBXGroup section */
		35165F322C5C0E1E00431E01 = {
			isa = PBXGroup;
			children = (
				35165F3D2C5C0E1E00431E01 /* PersonalExpenseTracker */,
				35165F542C5C0E2000431E01 /* PersonalExpenseTrackerTests */,
				35165F5E2C5C0E2000431E01 /* PersonalExpenseTrackerUITests */,
				35165F3C2C5C0E1E00431E01 /* Products */,
			);
			sourceTree = "<group>";
		};
		35165F3C2C5C0E1E00431E01 /* Products */ = {
			isa = PBXGroup;
			children = (
				35165F3B2C5C0E1E00431E01 /* PersonalExpenseTracker.app */,
				35165F512C5C0E2000431E01 /* PersonalExpenseTrackerTests.xctest */,
				35165F5B2C5C0E2000431E01 /* PersonalExpenseTrackerUITests.xctest */,
			);
			name = Products;
			sourceTree = "<group>";
		};
		35165F3D2C5C0E1E00431E01 /* PersonalExpenseTracker */ = {
			isa = PBXGroup;
			children = (
				35165F702C5D294E00431E01 /* PersonalExpenseTrackerModel.xcdatamodeld */,
				35165F3E2C5C0E1E00431E01 /* PersonalExpenseTrackerApp.swift */,
				35165F732C5D2F9E00431E01 /* Persistence.swift */,
				35165F452C5C0E1E00431E01 /* ContentView.swift */,
				355A1D2E2C89F7C500103F38 /* PastMonthsView.swift */,
				35165F472C5C0E2000431E01 /* Assets.xcassets */,
				35165F492C5C0E2000431E01 /* PersonalExpenseTracker.entitlements */,
				35165F4A2C5C0E2000431E01 /* Preview Content */,
			);
			path = PersonalExpenseTracker;
			sourceTree = "<group>";
		};
		35165F4A2C5C0E2000431E01 /* Preview Content */ = {
			isa = PBXGroup;
			children = (
				35165F4B2C5C0E2000431E01 /* Preview Assets.xcassets */,
			);
			path = "Preview Content";
			sourceTree = "<group>";
		};
		35165F542C5C0E2000431E01 /* PersonalExpenseTrackerTests */ = {
			isa = PBXGroup;
			children = (
				35165F552C5C0E2000431E01 /* PersonalExpenseTrackerTests.swift */,
			);
			path = PersonalExpenseTrackerTests;
			sourceTree = "<group>";
		};
		35165F5E2C5C0E2000431E01 /* PersonalExpenseTrackerUITests */ = {
			isa = PBXGroup;
			children = (
				35165F5F2C5C0E2000431E01 /* PersonalExpenseTrackerUITests.swift */,
				35165F612C5C0E2000431E01 /* PersonalExpenseTrackerUITestsLaunchTests.swift */,
			);
			path = PersonalExpenseTrackerUITests;
			sourceTree = "<group>";
		};
/* End PBXGroup section */

/* Begin PBXNativeTarget section */
		35165F3A2C5C0E1E00431E01 /* PersonalExpenseTracker */ = {
			isa = PBXNativeTarget;
			buildConfigurationList = 35165F652C5C0E2000431E01 /* Build configuration list for PBXNativeTarget "PersonalExpenseTracker" */;
			buildPhases = (
				35165F372C5C0E1E00431E01 /* Sources */,
				35165F382C5C0E1E00431E01 /* Frameworks */,
				35165F392C5C0E1E00431E01 /* Resources */,
			);
			buildRules = (
			);
			dependencies = (
			);
			name = PersonalExpenseTracker;
			productName = PersonalExpenseTracker;
			productReference = 35165F3B2C5C0E1E00431E01 /* PersonalExpenseTracker.app */;
			productType = "com.apple.product-type.application";
		};
		35165F502C5C0E2000431E01 /* PersonalExpenseTrackerTests */ = {
			isa = PBXNativeTarget;
			buildConfigurationList = 35165F682C5C0E2000431E01 /* Build configuration list for PBXNativeTarget "PersonalExpenseTrackerTests" */;
			buildPhases = (
				35165F4D2C5C0E2000431E01 /* Sources */,
				35165F4E2C5C0E2000431E01 /* Frameworks */,
				35165F4F2C5C0E2000431E01 /* Resources */,
			);
			buildRules = (
			);
			dependencies = (
				35165F532C5C0E2000431E01 /* PBXTargetDependency */,
			);
			name = PersonalExpenseTrackerTests;
			productName = PersonalExpenseTrackerTests;
			productReference = 35165F512C5C0E2000431E01 /* PersonalExpenseTrackerTests.xctest */;
			productType = "com.apple.product-type.bundle.unit-test";
		};
		35165F5A2C5C0E2000431E01 /* PersonalExpenseTrackerUITests */ = {
			isa = PBXNativeTarget;
			buildConfigurationList = 35165F6B2C5C0E2000431E01 /* Build configuration list for PBXNativeTarget "PersonalExpenseTrackerUITests" */;
			buildPhases = (
				35165F572C5C0E2000431E01 /* Sources */,
				35165F582C5C0E2000431E01 /* Frameworks */,
				35165F592C5C0E2000431E01 /* Resources */,
			);
			buildRules = (
			);
			dependencies = (
				35165F5D2C5C0E2000431E01 /* PBXTargetDependency */,
			);
			name = PersonalExpenseTrackerUITests;
			productName = PersonalExpenseTrackerUITests;
			productReference = 35165F5B2C5C0E2000431E01 /* PersonalExpenseTrackerUITests.xctest */;
			productType = "com.apple.product-type.bundle.ui-testing";
		};
/* End PBXNativeTarget section */

/* Begin PBXProject section */
		35165F332C5C0E1E00431E01 /* Project object */ = {
			isa = PBXProject;
			attributes = {
				BuildIndependentTargetsInParallel = 1;
				LastSwiftUpdateCheck = 1540;
				LastUpgradeCheck = 1540;
				TargetAttributes = {
					35165F3A2C5C0E1E00431E01 = {
						CreatedOnToolsVersion = 15.4;
					};
					35165F502C5C0E2000431E01 = {
						CreatedOnToolsVersion = 15.4;
						TestTargetID = 35165F3A2C5C0E1E00431E01;
					};
					35165F5A2C5C0E2000431E01 = {
						CreatedOnToolsVersion = 15.4;
						TestTargetID = 35165F3A2C5C0E1E00431E01;
					};
				};
			};
			buildConfigurationList = 35165F362C5C0E1E00431E01 /* Build configuration list for PBXProject "PersonalExpenseTracker" */;
			compatibilityVersion = "Xcode 14.0";
			developmentRegion = en;
			hasScannedForEncodings = 0;
			knownRegions = (
				en,
				Base,
			);
			mainGroup = 35165F322C5C0E1E00431E01;
			productRefGroup = 35165F3C2C5C0E1E00431E01 /* Products */;
			projectDirPath = "";
			projectRoot = "";
			targets = (
				35165F3A2C5C0E1E00431E01 /* PersonalExpenseTracker */,
				35165F502C5C0E2000431E01 /* PersonalExpenseTrackerTests */,
				35165F5A2C5C0E2000431E01 /* PersonalExpenseTrackerUITests */,
			);
		};
/* End PBXProject section */

/* Begin PBXResourcesBuildPhase section */
		35165F392C5C0E1E00431E01 /* Resources */ = {
			isa = PBXResourcesBuildPhase;
			buildActionMask = 2147483647;
			files = (
				35165F4C2C5C0E2000431E01 /* Preview Assets.xcassets in Resources */,
				35165F482C5C0E2000431E01 /* Assets.xcassets in Resources */,
			);
			runOnlyForDeploymentPostprocessing = 0;
		};
		35165F4F2C5C0E2000431E01 /* Resources */ = {
			isa = PBXResourcesBuildPhase;
			buildActionMask = 2147483647;
			files = (
			);
			runOnlyForDeploymentPostprocessing = 0;
		};
		35165F592C5C0E2000431E01 /* Resources */ = {
			isa = PBXResourcesBuildPhase;
			buildActionMask = 2147483647;
			files = (
			);
			runOnlyForDeploymentPostprocessing = 0;
		};
/* End PBXResourcesBuildPhase section */

/* Begin PBXSourcesBuildPhase section */
		35165F372C5C0E1E00431E01 /* Sources */ = {
			isa = PBXSourcesBuildPhase;
			buildActionMask = 2147483647;
			files = (
				35165F722C5D294F00431E01 /* PersonalExpenseTrackerModel.xcdatamodeld in Sources */,
				35165F3F2C5C0E1E00431E01 /* PersonalExpenseTrackerApp.swift in Sources */,
				35165F462C5C0E1E00431E01 /* ContentView.swift in Sources */,
				35165F742C5D2F9E00431E01 /* Persistence.swift in Sources */,
				355A1D2F2C89F7C500103F38 /* PastMonthsView.swift in Sources */,
			);
			runOnlyForDeploymentPostprocessing = 0;
		};
		35165F4D2C5C0E2000431E01 /* Sources */ = {
			isa = PBXSourcesBuildPhase;
			buildActionMask = 2147483647;
			files = (
				35165F562C5C0E2000431E01 /* PersonalExpenseTrackerTests.swift in Sources */,
			);
			runOnlyForDeploymentPostprocessing = 0;
		};
		35165F572C5C0E2000431E01 /* Sources */ = {
			isa = PBXSourcesBuildPhase;
			buildActionMask = 2147483647;
			files = (
				35165F622C5C0E2000431E01 /* PersonalExpenseTrackerUITestsLaunchTests.swift in Sources */,
				35165F602C5C0E2000431E01 /* PersonalExpenseTrackerUITests.swift in Sources */,
			);
			runOnlyForDeploymentPostprocessing = 0;
		};
/* End PBXSourcesBuildPhase section */

/* Begin PBXTargetDependency section */
		35165F532C5C0E2000431E01 /* PBXTargetDependency */ = {
			isa = PBXTargetDependency;
			target = 35165F3A2C5C0E1E00431E01 /* PersonalExpenseTracker */;
			targetProxy = 35165F522C5C0E2000431E01 /* PBXContainerItemProxy */;
		};
		35165F5D2C5C0E2000431E01 /* PBXTargetDependency */ = {
			isa = PBXTargetDependency;
			target = 35165F3A2C5C0E1E00431E01 /* PersonalExpenseTracker */;
			targetProxy = 35165F5C2C5C0E2000431E01 /* PBXContainerItemProxy */;
		};
/* End PBXTargetDependency section */

/* Begin XCBuildConfiguration section */
		35165F632C5C0E2000431E01 /* Debug */ = {
			isa = XCBuildConfiguration;
			buildSettings = {
				ALWAYS_SEARCH_USER_PATHS = NO;
				ASSETCATALOG_COMPILER_GENERATE_SWIFT_ASSET_SYMBOL_EXTENSIONS = YES;
				CLANG_ANALYZER_NONNULL = YES;
				CLANG_ANALYZER_NUMBER_OBJECT_CONVERSION = YES_AGGRESSIVE;
				CLANG_CXX_LANGUAGE_STANDARD = "gnu++20";
				CLANG_ENABLE_MODULES = YES;
				CLANG_ENABLE_OBJC_ARC = YES;
				CLANG_ENABLE_OBJC_WEAK = YES;
				CLANG_WARN_BLOCK_CAPTURE_AUTORELEASING = YES;
				CLANG_WARN_BOOL_CONVERSION = YES;
				CLANG_WARN_COMMA = YES;
				CLANG_WARN_CONSTANT_CONVERSION = YES;
				CLANG_WARN_DEPRECATED_OBJC_IMPLEMENTATIONS = YES;
				CLANG_WARN_DIRECT_OBJC_ISA_USAGE = YES_ERROR;
				CLANG_WARN_DOCUMENTATION_COMMENTS = YES;
				CLANG_WARN_EMPTY_BODY = YES;
				CLANG_WARN_ENUM_CONVERSION = YES;
				CLANG_WARN_INFINITE_RECURSION = YES;
				CLANG_WARN_INT_CONVERSION = YES;
				CLANG_WARN_NON_LITERAL_NULL_CONVERSION = YES;
				CLANG_WARN_OBJC_IMPLICIT_RETAIN_SELF = YES;
				CLANG_WARN_OBJC_LITERAL_CONVERSION = YES;
				CLANG_WARN_OBJC_ROOT_CLASS = YES_ERROR;
				CLANG_WARN_QUOTED_INCLUDE_IN_FRAMEWORK_HEADER = YES;
				CLANG_WARN_RANGE_LOOP_ANALYSIS = YES;
				CLANG_WARN_STRICT_PROTOTYPES = YES;
				CLANG_WARN_SUSPICIOUS_MOVE = YES;
				CLANG_WARN_UNGUARDED_AVAILABILITY = YES_AGGRESSIVE;
				CLANG_WARN_UNREACHABLE_CODE = YES;
				CLANG_WARN__DUPLICATE_METHOD_MATCH = YES;
				COPY_PHASE_STRIP = NO;
				DEBUG_INFORMATION_FORMAT = dwarf;
				ENABLE_STRICT_OBJC_MSGSEND = YES;
				ENABLE_TESTABILITY = YES;
				ENABLE_USER_SCRIPT_SANDBOXING = YES;
				GCC_C_LANGUAGE_STANDARD = gnu17;
				GCC_DYNAMIC_NO_PIC = NO;
				GCC_NO_COMMON_BLOCKS = YES;
				GCC_OPTIMIZATION_LEVEL = 0;
				GCC_PREPROCESSOR_DEFINITIONS = (
					"DEBUG=1",
					"$(inherited)",
				);
				GCC_WARN_64_TO_32_BIT_CONVERSION = YES;
				GCC_WARN_ABOUT_RETURN_TYPE = YES_ERROR;
				GCC_WARN_UNDECLARED_SELECTOR = YES;
				GCC_WARN_UNINITIALIZED_AUTOS = YES_AGGRESSIVE;
				GCC_WARN_UNUSED_FUNCTION = YES;
				GCC_WARN_UNUSED_VARIABLE = YES;
				LOCALIZATION_PREFERS_STRING_CATALOGS = YES;
				MTL_ENABLE_DEBUG_INFO = INCLUDE_SOURCE;
				MTL_FAST_MATH = YES;
				ONLY_ACTIVE_ARCH = YES;
				SWIFT_ACTIVE_COMPILATION_CONDITIONS = "DEBUG $(inherited)";
				SWIFT_OPTIMIZATION_LEVEL = "-Onone";
			};
			name = Debug;
		};
		35165F642C5C0E2000431E01 /* Release */ = {
			isa = XCBuildConfiguration;
			buildSettings = {
				ALWAYS_SEARCH_USER_PATHS = NO;
				ASSETCATALOG_COMPILER_GENERATE_SWIFT_ASSET_SYMBOL_EXTENSIONS = YES;
				CLANG_ANALYZER_NONNULL = YES;
				CLANG_ANALYZER_NUMBER_OBJECT_CONVERSION = YES_AGGRESSIVE;
				CLANG_CXX_LANGUAGE_STANDARD = "gnu++20";
				CLANG_ENABLE_MODULES = YES;
				CLANG_ENABLE_OBJC_ARC = YES;
				CLANG_ENABLE_OBJC_WEAK = YES;
				CLANG_WARN_BLOCK_CAPTURE_AUTORELEASING = YES;
				CLANG_WARN_BOOL_CONVERSION = YES;
				CLANG_WARN_COMMA = YES;
				CLANG_WARN_CONSTANT_CONVERSION = YES;
				CLANG_WARN_DEPRECATED_OBJC_IMPLEMENTATIONS = YES;
				CLANG_WARN_DIRECT_OBJC_ISA_USAGE = YES_ERROR;
				CLANG_WARN_DOCUMENTATION_COMMENTS = YES;
				CLANG_WARN_EMPTY_BODY = YES;
				CLANG_WARN_ENUM_CONVERSION = YES;
				CLANG_WARN_INFINITE_RECURSION = YES;
				CLANG_WARN_INT_CONVERSION = YES;
				CLANG_WARN_NON_LITERAL_NULL_CONVERSION = YES;
				CLANG_WARN_OBJC_IMPLICIT_RETAIN_SELF = YES;
				CLANG_WARN_OBJC_LITERAL_CONVERSION = YES;
				CLANG_WARN_OBJC_ROOT_CLASS = YES_ERROR;
				CLANG_WARN_QUOTED_INCLUDE_IN_FRAMEWORK_HEADER = YES;
				CLANG_WARN_RANGE_LOOP_ANALYSIS = YES;
				CLANG_WARN_STRICT_PROTOTYPES = YES;
				CLANG_WARN_SUSPICIOUS_MOVE = YES;
				CLANG_WARN_UNGUARDED_AVAILABILITY = YES_AGGRESSIVE;
				CLANG_WARN_UNREACHABLE_CODE = YES;
				CLANG_WARN__DUPLICATE_METHOD_MATCH = YES;
				COPY_PHASE_STRIP = NO;
				DEBUG_INFORMATION_FORMAT = "dwarf-with-dsym";
				ENABLE_NS_ASSERTIONS = NO;
				ENABLE_STRICT_OBJC_MSGSEND = YES;
				ENABLE_USER_SCRIPT_SANDBOXING = YES;
				GCC_C_LANGUAGE_STANDARD = gnu17;
				GCC_NO_COMMON_BLOCKS = YES;
				GCC_WARN_64_TO_32_BIT_CONVERSION = YES;
				GCC_WARN_ABOUT_RETURN_TYPE = YES_ERROR;
				GCC_WARN_UNDECLARED_SELECTOR = YES;
				GCC_WARN_UNINITIALIZED_AUTOS = YES_AGGRESSIVE;
				GCC_WARN_UNUSED_FUNCTION = YES;
				GCC_WARN_UNUSED_VARIABLE = YES;
				LOCALIZATION_PREFERS_STRING_CATALOGS = YES;
				MTL_ENABLE_DEBUG_INFO = NO;
				MTL_FAST_MATH = YES;
				SWIFT_COMPILATION_MODE = wholemodule;
			};
			name = Release;
		};
		35165F662C5C0E2000431E01 /* Debug */ = {
			isa = XCBuildConfiguration;
			buildSettings = {
				ASSETCATALOG_COMPILER_APPICON_NAME = AppIcon;
				ASSETCATALOG_COMPILER_GLOBAL_ACCENT_COLOR_NAME = AccentColor;
				CODE_SIGN_ENTITLEMENTS = PersonalExpenseTracker/PersonalExpenseTracker.entitlements;
				CODE_SIGN_STYLE = Automatic;
				CURRENT_PROJECT_VERSION = 1;
				DEVELOPMENT_ASSET_PATHS = "\"PersonalExpenseTracker/Preview Content\"";
				DEVELOPMENT_TEAM = S4FSZQHK25;
				ENABLE_HARDENED_RUNTIME = YES;
				ENABLE_PREVIEWS = YES;
				GENERATE_INFOPLIST_FILE = YES;
				"INFOPLIST_KEY_UIApplicationSceneManifest_Generation[sdk=iphoneos*]" = YES;
				"INFOPLIST_KEY_UIApplicationSceneManifest_Generation[sdk=iphonesimulator*]" = YES;
				"INFOPLIST_KEY_UIApplicationSupportsIndirectInputEvents[sdk=iphoneos*]" = YES;
				"INFOPLIST_KEY_UIApplicationSupportsIndirectInputEvents[sdk=iphonesimulator*]" = YES;
				"INFOPLIST_KEY_UILaunchScreen_Generation[sdk=iphoneos*]" = YES;
				"INFOPLIST_KEY_UILaunchScreen_Generation[sdk=iphonesimulator*]" = YES;
				"INFOPLIST_KEY_UIStatusBarStyle[sdk=iphoneos*]" = UIStatusBarStyleDefault;
				"INFOPLIST_KEY_UIStatusBarStyle[sdk=iphonesimulator*]" = UIStatusBarStyleDefault;
				INFOPLIST_KEY_UISupportedInterfaceOrientations_iPad = "UIInterfaceOrientationPortrait UIInterfaceOrientationPortraitUpsideDown UIInterfaceOrientationLandscapeLeft UIInterfaceOrientationLandscapeRight";
				INFOPLIST_KEY_UISupportedInterfaceOrientations_iPhone = "UIInterfaceOrientationPortrait UIInterfaceOrientationLandscapeLeft UIInterfaceOrientationLandscapeRight";
				IPHONEOS_DEPLOYMENT_TARGET = 17.5;
				LD_RUNPATH_SEARCH_PATHS = "@executable_path/Frameworks";
				"LD_RUNPATH_SEARCH_PATHS[sdk=macosx*]" = "@executable_path/../Frameworks";
				MACOSX_DEPLOYMENT_TARGET = 14.5;
				MARKETING_VERSION = 1.0;
				PRODUCT_BUNDLE_IDENTIFIER = expense.PersonalExpenseTracker;
				PRODUCT_NAME = "$(TARGET_NAME)";
				SDKROOT = auto;
				SUPPORTED_PLATFORMS = "iphoneos iphonesimulator macosx";
				SWIFT_EMIT_LOC_STRINGS = YES;
				SWIFT_VERSION = 5.0;
				TARGETED_DEVICE_FAMILY = "1,2";
			};
			name = Debug;
		};
		35165F672C5C0E2000431E01 /* Release */ = {
			isa = XCBuildConfiguration;
			buildSettings = {
				ASSETCATALOG_COMPILER_APPICON_NAME = AppIcon;
				ASSETCATALOG_COMPILER_GLOBAL_ACCENT_COLOR_NAME = AccentColor;
				CODE_SIGN_ENTITLEMENTS = PersonalExpenseTracker/PersonalExpenseTracker.entitlements;
				CODE_SIGN_STYLE = Automatic;
				CURRENT_PROJECT_VERSION = 1;
				DEVELOPMENT_ASSET_PATHS = "\"PersonalExpenseTracker/Preview Content\"";
				DEVELOPMENT_TEAM = S4FSZQHK25;
				ENABLE_HARDENED_RUNTIME = YES;
				ENABLE_PREVIEWS = YES;
				GENERATE_INFOPLIST_FILE = YES;
				"INFOPLIST_KEY_UIApplicationSceneManifest_Generation[sdk=iphoneos*]" = YES;
				"INFOPLIST_KEY_UIApplicationSceneManifest_Generation[sdk=iphonesimulator*]" = YES;
				"INFOPLIST_KEY_UIApplicationSupportsIndirectInputEvents[sdk=iphoneos*]" = YES;
				"INFOPLIST_KEY_UIApplicationSupportsIndirectInputEvents[sdk=iphonesimulator*]" = YES;
				"INFOPLIST_KEY_UILaunchScreen_Generation[sdk=iphoneos*]" = YES;
				"INFOPLIST_KEY_UILaunchScreen_Generation[sdk=iphonesimulator*]" = YES;
				"INFOPLIST_KEY_UIStatusBarStyle[sdk=iphoneos*]" = UIStatusBarStyleDefault;
				"INFOPLIST_KEY_UIStatusBarStyle[sdk=iphonesimulator*]" = UIStatusBarStyleDefault;
				INFOPLIST_KEY_UISupportedInterfaceOrientations_iPad = "UIInterfaceOrientationPortrait UIInterfaceOrientationPortraitUpsideDown UIInterfaceOrientationLandscapeLeft UIInterfaceOrientationLandscapeRight";
				INFOPLIST_KEY_UISupportedInterfaceOrientations_iPhone = "UIInterfaceOrientationPortrait UIInterfaceOrientationLandscapeLeft UIInterfaceOrientationLandscapeRight";
				IPHONEOS_DEPLOYMENT_TARGET = 17.5;
				LD_RUNPATH_SEARCH_PATHS = "@executable_path/Frameworks";
				"LD_RUNPATH_SEARCH_PATHS[sdk=macosx*]" = "@executable_path/../Frameworks";
				MACOSX_DEPLOYMENT_TARGET = 14.5;
				MARKETING_VERSION = 1.0;
				PRODUCT_BUNDLE_IDENTIFIER = expense.PersonalExpenseTracker;
				PRODUCT_NAME = "$(TARGET_NAME)";
				SDKROOT = auto;
				SUPPORTED_PLATFORMS = "iphoneos iphonesimulator macosx";
				SWIFT_EMIT_LOC_STRINGS = YES;
				SWIFT_VERSION = 5.0;
				TARGETED_DEVICE_FAMILY = "1,2";
			};
			name = Release;
		};
		35165F692C5C0E2000431E01 /* Debug */ = {
			isa = XCBuildConfiguration;
			buildSettings = {
				ALWAYS_EMBED_SWIFT_STANDARD_LIBRARIES = YES;
				BUNDLE_LOADER = "$(TEST_HOST)";
				CODE_SIGN_STYLE = Automatic;
				CURRENT_PROJECT_VERSION = 1;
				DEVELOPMENT_TEAM = S4FSZQHK25;
				GENERATE_INFOPLIST_FILE = YES;
				IPHONEOS_DEPLOYMENT_TARGET = 17.5;
				MACOSX_DEPLOYMENT_TARGET = 14.5;
				MARKETING_VERSION = 1.0;
				PRODUCT_BUNDLE_IDENTIFIER = expense.PersonalExpenseTrackerTests;
				PRODUCT_NAME = "$(TARGET_NAME)";
				SDKROOT = auto;
				SUPPORTED_PLATFORMS = "iphoneos iphonesimulator macosx";
				SWIFT_EMIT_LOC_STRINGS = NO;
				SWIFT_VERSION = 5.0;
				TARGETED_DEVICE_FAMILY = "1,2";
				TEST_HOST = "$(BUILT_PRODUCTS_DIR)/PersonalExpenseTracker.app/$(BUNDLE_EXECUTABLE_FOLDER_PATH)/PersonalExpenseTracker";
			};
			name = Debug;
		};
		35165F6A2C5C0E2000431E01 /* Release */ = {
			isa = XCBuildConfiguration;
			buildSettings = {
				ALWAYS_EMBED_SWIFT_STANDARD_LIBRARIES = YES;
				BUNDLE_LOADER = "$(TEST_HOST)";
				CODE_SIGN_STYLE = Automatic;
				CURRENT_PROJECT_VERSION = 1;
				DEVELOPMENT_TEAM = S4FSZQHK25;
				GENERATE_INFOPLIST_FILE = YES;
				IPHONEOS_DEPLOYMENT_TARGET = 17.5;
				MACOSX_DEPLOYMENT_TARGET = 14.5;
				MARKETING_VERSION = 1.0;
				PRODUCT_BUNDLE_IDENTIFIER = expense.PersonalExpenseTrackerTests;
				PRODUCT_NAME = "$(TARGET_NAME)";
				SDKROOT = auto;
				SUPPORTED_PLATFORMS = "iphoneos iphonesimulator macosx";
				SWIFT_EMIT_LOC_STRINGS = NO;
				SWIFT_VERSION = 5.0;
				TARGETED_DEVICE_FAMILY = "1,2";
				TEST_HOST = "$(BUILT_PRODUCTS_DIR)/PersonalExpenseTracker.app/$(BUNDLE_EXECUTABLE_FOLDER_PATH)/PersonalExpenseTracker";
			};
			name = Release;
		};
		35165F6C2C5C0E2000431E01 /* Debug */ = {
			isa = XCBuildConfiguration;
			buildSettings = {
				ALWAYS_EMBED_SWIFT_STANDARD_LIBRARIES = YES;
				CODE_SIGN_STYLE = Automatic;
				CURRENT_PROJECT_VERSION = 1;
				DEVELOPMENT_TEAM = S4FSZQHK25;
				GENERATE_INFOPLIST_FILE = YES;
				IPHONEOS_DEPLOYMENT_TARGET = 17.5;
				MACOSX_DEPLOYMENT_TARGET = 14.5;
				MARKETING_VERSION = 1.0;
				PRODUCT_BUNDLE_IDENTIFIER = expense.PersonalExpenseTrackerUITests;
				PRODUCT_NAME = "$(TARGET_NAME)";
				SDKROOT = auto;
				SUPPORTED_PLATFORMS = "iphoneos iphonesimulator macosx";
				SWIFT_EMIT_LOC_STRINGS = NO;
				SWIFT_VERSION = 5.0;
				TARGETED_DEVICE_FAMILY = "1,2";
				TEST_TARGET_NAME = PersonalExpenseTracker;
			};
			name = Debug;
		};
		35165F6D2C5C0E2000431E01 /* Release */ = {
			isa = XCBuildConfiguration;
			buildSettings = {
				ALWAYS_EMBED_SWIFT_STANDARD_LIBRARIES = YES;
				CODE_SIGN_STYLE = Automatic;
				CURRENT_PROJECT_VERSION = 1;
				DEVELOPMENT_TEAM = S4FSZQHK25;
				GENERATE_INFOPLIST_FILE = YES;
				IPHONEOS_DEPLOYMENT_TARGET = 17.5;
				MACOSX_DEPLOYMENT_TARGET = 14.5;
				MARKETING_VERSION = 1.0;
				PRODUCT_BUNDLE_IDENTIFIER = expense.PersonalExpenseTrackerUITests;
				PRODUCT_NAME = "$(TARGET_NAME)";
				SDKROOT = auto;
				SUPPORTED_PLATFORMS = "iphoneos iphonesimulator macosx";
				SWIFT_EMIT_LOC_STRINGS = NO;
				SWIFT_VERSION = 5.0;
				TARGETED_DEVICE_FAMILY = "1,2";
				TEST_TARGET_NAME = PersonalExpenseTracker;
			};
			name = Release;
		};
/* End XCBuildConfiguration section */

/* Begin XCConfigurationList section */
		35165F362C5C0E1E00431E01 /* Build configuration list for PBXProject "PersonalExpenseTracker" */ = {
			isa = XCConfigurationList;
			buildConfigurations = (
				35165F632C5C0E2000431E01 /* Debug */,
				35165F642C5C0E2000431E01 /* Release */,
			);
			defaultConfigurationIsVisible = 0;
			defaultConfigurationName = Release;
		};
		35165F652C5C0E2000431E01 /* Build configuration list for PBXNativeTarget "PersonalExpenseTracker" */ = {
			isa = XCConfigurationList;
			buildConfigurations = (
				35165F662C5C0E2000431E01 /* Debug */,
				35165F672C5C0E2000431E01 /* Release */,
			);
			defaultConfigurationIsVisible = 0;
			defaultConfigurationName = Release;
		};
		35165F682C5C0E2000431E01 /* Build configuration list for PBXNativeTarget "PersonalExpenseTrackerTests" */ = {
			isa = XCConfigurationList;
			buildConfigurations = (
				35165F692C5C0E2000431E01 /* Debug */,
				35165F6A2C5C0E2000431E01 /* Release */,
			);
			defaultConfigurationIsVisible = 0;
			defaultConfigurationName = Release;
		};
		35165F6B2C5C0E2000431E01 /* Build configuration list for PBXNativeTarget "PersonalExpenseTrackerUITests" */ = {
			isa = XCConfigurationList;
			buildConfigurations = (
				35165F6C2C5C0E2000431E01 /* Debug */,
				35165F6D2C5C0E2000431E01 /* Release */,
			);
			defaultConfigurationIsVisible = 0;
			defaultConfigurationName = Release;
		};
/* End XCConfigurationList section */

/* Begin XCVersionGroup section */
		35165F702C5D294E00431E01 /* PersonalExpenseTrackerModel.xcdatamodeld */ = {
			isa = XCVersionGroup;
			children = (
				35165F712C5D294F00431E01 /* PersonalExpenseTrackerModel.xcdatamodel */,
			);
			currentVersion = 35165F712C5D294F00431E01 /* PersonalExpenseTrackerModel.xcdatamodel */;
			path = PersonalExpenseTrackerModel.xcdatamodeld;
			sourceTree = "<group>";
			versionGroupType = wrapper.xcdatamodel;
		};
/* End XCVersionGroup section */
	};
	rootObject = 35165F332C5C0E1E00431E01 /* Project object */;
}
